{
  "originHash" : "b300dcea55a7be1c2af2c307df488d27db32b5673d8e20cf0d69b87346dd568b",
  "pins" : [
    {
      "identity" : "static-libgit2",
      "kind" : "remoteSourceControl",
      "location" : "https://github.com/bdewey/static-libgit2.git",
      "state" : {
        "revision" : "ca2b13cb2cd04365c9416803c1d7e26116b23efd",
        "version" : "0.5.0"
      }
    },
    {
      "identity" : "swift-function-tools",
      "kind" : "remoteSourceControl",
      "location" : "https://github.com/RougeWare/Swift-Function-Tools.git",
      "state" : {
        "revision" : "a854f4ed89b7e404019b5a09d24e067acc15432d",
        "version" : "1.2.4"
      }
    },
    {
      "identity" : "swift-lazy-containers",
      "kind" : "remoteSourceControl",
      "location" : "https://github.com/RougeWare/Swift-Lazy-Containers.git",
      "state" : {
        "revision" : "360a35c98992fc53739e884fb0c48e988710fa92",
        "version" : "4.1.0"
      }
    },
    {
      "identity" : "swift-simple-logging",
      "kind" : "remoteSourceControl",
      "location" : "https://github.com/RougeWare/Swift-Simple-Logging",
      "state" : {
        "revision" : "efdee028f383b0f3c39646a76e16bdd30693f53b",
        "version" : "0.5.2"
      }
    }
  ],
  "version" : 3
}
